
Microsoft Visual Studio Solution File, Format Version 12.00
# Visual Studio Version 18
VisualStudioVersion = 18.2.11415.280
MinimumVisualStudioVersion = 10.0.40219.1
Project("{2150E333-8FDC-42A3-9474-1A3956D46DE8}") = "src", "src", "{02EA681E-C7D8-13C7-8484-4AC65E1B71E8}"
EndProject
Project("{2150E333-8FDC-42A3-9474-1A3956D46DE8}") = "tests", "tests", "{7E221CCB-4B09-4C8C-B9DC-FEE7D654B95E}"
EndProject
Project("{FAE04EC0-301F-11D3-BF4B-00C04F79EFBC}") = "NedMonitor", "src\NedMonitor\NedMonitor.csproj", "{24E2677B-E9B5-8920-F4D0-A3D46E901175}"
EndProject
Project("{FAE04EC0-301F-11D3-BF4B-00C04F79EFBC}") = "NedMonitor.Http", "src\NedMonitor.Http\NedMonitor.Http.csproj", "{A2353CC7-3190-4640-AA51-A1DFF1596381}"
EndProject
Project("{FAE04EC0-301F-11D3-BF4B-00C04F79EFBC}") = "NedMonitor.Core", "src\NedMonitor.Core\NedMonitor.Core.csproj", "{6CDBA98A-D09E-4CE5-B147-F1E6C89FEFFA}"
EndProject
Project("{FAE04EC0-301F-11D3-BF4B-00C04F79EFBC}") = "NedMonitor.Dapper", "src\NedMonitor.Dapper\NedMonitor.Dapper.csproj", "{739C45D3-B170-5201-102D-4715F110B48D}"
EndProject
Project("{FAE04EC0-301F-11D3-BF4B-00C04F79EFBC}") = "NedMonitor.EF", "src\NedMonitor.EF\NedMonitor.EF.csproj", "{9ECD72C6-CBD9-E10A-8C42-593C75A73A5D}"
EndProject
Project("{FAE04EC0-301F-11D3-BF4B-00C04F79EFBC}") = "NedMonitor.Core.Tests", "tests\NedMonitor.Core.Tests\NedMonitor.Core.Tests.csproj", "{AD79C72F-C443-46F3-9A9B-FD06691BC9A3}"
EndProject
Project("{FAE04EC0-301F-11D3-BF4B-00C04F79EFBC}") = "NedMonitor.Common.Tests", "tests\NedMonitor.Common.Tests\NedMonitor.Common.Tests.csproj", "{91086DAF-F01C-4DB9-AFC3-97380727CF2F}"
EndProject
Project("{FAE04EC0-301F-11D3-BF4B-00C04F79EFBC}") = "NedMonitor.Http.Tests", "tests\NedMonitor.Http.Tests\NedMonitor.Http.Tests.csproj", "{91A558BB-5D8A-4752-9E6B-A734928735FA}"
EndProject
Project("{FAE04EC0-301F-11D3-BF4B-00C04F79EFBC}") = "NedMonitor.Dapper.Tests", "tests\NedMonitor.Dapper.Tests\NedMonitor.Dapper.Tests.csproj", "{4856DE46-EEA7-41B9-BFED-4A6FD3073EA1}"
EndProject
Project("{FAE04EC0-301F-11D3-BF4B-00C04F79EFBC}") = "NedMonitor.EF.Tests", "tests\NedMonitor.EF.Tests\NedMonitor.EF.Tests.csproj", "{8467D26B-8900-4950-BC6D-0D8AF7AAC215}"
EndProject
Project("{FAE04EC0-301F-11D3-BF4B-00C04F79EFBC}") = "NedMonitor.Tests", "tests\NedMonitor.Tests\NedMonitor.Tests.csproj", "{569F8C8E-90F8-429C-B5A2-4C15BE830FD8}"
EndProject
Project("{2150E333-8FDC-42A3-9474-1A3956D46DE8}") = "configs", "configs", "{98D093B3-5E93-4989-BD2C-60ED2595FE86}"
	ProjectSection(SolutionItems) = preProject
		src\Directory.Build.props = src\Directory.Build.props
		README.md = README.md
	EndProjectSection
EndProject
Global
	GlobalSection(SolutionConfigurationPlatforms) = preSolution
		Debug|Any CPU = Debug|Any CPU
		Debug|x64 = Debug|x64
		Debug|x86 = Debug|x86
		Release|Any CPU = Release|Any CPU
		Release|x64 = Release|x64
		Release|x86 = Release|x86
	EndGlobalSection
	GlobalSection(ProjectConfigurationPlatforms) = postSolution
		{24E2677B-E9B5-8920-F4D0-A3D46E901175}.Debug|Any CPU.ActiveCfg = Debug|Any CPU
		{24E2677B-E9B5-8920-F4D0-A3D46E901175}.Debug|Any CPU.Build.0 = Debug|Any CPU
		{24E2677B-E9B5-8920-F4D0-A3D46E901175}.Debug|x64.ActiveCfg = Debug|Any CPU
		{24E2677B-E9B5-8920-F4D0-A3D46E901175}.Debug|x64.Build.0 = Debug|Any CPU
		{24E2677B-E9B5-8920-F4D0-A3D46E901175}.Debug|x86.ActiveCfg = Debug|Any CPU
		{24E2677B-E9B5-8920-F4D0-A3D46E901175}.Debug|x86.Build.0 = Debug|Any CPU
		{24E2677B-E9B5-8920-F4D0-A3D46E901175}.Release|Any CPU.ActiveCfg = Release|Any CPU
		{24E2677B-E9B5-8920-F4D0-A3D46E901175}.Release|Any CPU.Build.0 = Release|Any CPU
		{24E2677B-E9B5-8920-F4D0-A3D46E901175}.Release|x64.ActiveCfg = Release|Any CPU
		{24E2677B-E9B5-8920-F4D0-A3D46E901175}.Release|x64.Build.0 = Release|Any CPU
		{24E2677B-E9B5-8920-F4D0-A3D46E901175}.Release|x86.ActiveCfg = Release|Any CPU
		{24E2677B-E9B5-8920-F4D0-A3D46E901175}.Release|x86.Build.0 = Release|Any CPU
		{A2353CC7-3190-4640-AA51-A1DFF1596381}.Debug|Any CPU.ActiveCfg = Debug|Any CPU
		{A2353CC7-3190-4640-AA51-A1DFF1596381}.Debug|Any CPU.Build.0 = Debug|Any CPU
		{A2353CC7-3190-4640-AA51-A1DFF1596381}.Debug|x64.ActiveCfg = Debug|Any CPU
		{A2353CC7-3190-4640-AA51-A1DFF1596381}.Debug|x64.Build.0 = Debug|Any CPU
		{A2353CC7-3190-4640-AA51-A1DFF1596381}.Debug|x86.ActiveCfg = Debug|Any CPU
		{A2353CC7-3190-4640-AA51-A1DFF1596381}.Debug|x86.Build.0 = Debug|Any CPU
		{A2353CC7-3190-4640-AA51-A1DFF1596381}.Release|Any CPU.ActiveCfg = Release|Any CPU
		{A2353CC7-3190-4640-AA51-A1DFF1596381}.Release|Any CPU.Build.0 = Release|Any CPU
		{A2353CC7-3190-4640-AA51-A1DFF1596381}.Release|x64.ActiveCfg = Release|Any CPU
		{A2353CC7-3190-4640-AA51-A1DFF1596381}.Release|x64.Build.0 = Release|Any CPU
		{A2353CC7-3190-4640-AA51-A1DFF1596381}.Release|x86.ActiveCfg = Release|Any CPU
		{A2353CC7-3190-4640-AA51-A1DFF1596381}.Release|x86.Build.0 = Release|Any CPU
		{6CDBA98A-D09E-4CE5-B147-F1E6C89FEFFA}.Debug|Any CPU.ActiveCfg = Debug|Any CPU
		{6CDBA98A-D09E-4CE5-B147-F1E6C89FEFFA}.Debug|Any CPU.Build.0 = Debug|Any CPU
		{6CDBA98A-D09E-4CE5-B147-F1E6C89FEFFA}.Debug|x64.ActiveCfg = Debug|Any CPU
		{6CDBA98A-D09E-4CE5-B147-F1E6C89FEFFA}.Debug|x64.Build.0 = Debug|Any CPU
		{6CDBA98A-D09E-4CE5-B147-F1E6C89FEFFA}.Debug|x86.ActiveCfg = Debug|Any CPU
		{6CDBA98A-D09E-4CE5-B147-F1E6C89FEFFA}.Debug|x86.Build.0 = Debug|Any CPU
		{6CDBA98A-D09E-4CE5-B147-F1E6C89FEFFA}.Release|Any CPU.ActiveCfg = Release|Any CPU
		{6CDBA98A-D09E-4CE5-B147-F1E6C89FEFFA}.Release|Any CPU.Build.0 = Release|Any CPU
		{6CDBA98A-D09E-4CE5-B147-F1E6C89FEFFA}.Release|x64.ActiveCfg = Release|Any CPU
		{6CDBA98A-D09E-4CE5-B147-F1E6C89FEFFA}.Release|x64.Build.0 = Release|Any CPU
		{6CDBA98A-D09E-4CE5-B147-F1E6C89FEFFA}.Release|x86.ActiveCfg = Release|Any CPU
		{6CDBA98A-D09E-4CE5-B147-F1E6C89FEFFA}.Release|x86.Build.0 = Release|Any CPU
		{739C45D3-B170-5201-102D-4715F110B48D}.Debug|Any CPU.ActiveCfg = Debug|Any CPU
		{739C45D3-B170-5201-102D-4715F110B48D}.Debug|Any CPU.Build.0 = Debug|Any CPU
		{739C45D3-B170-5201-102D-4715F110B48D}.Debug|x64.ActiveCfg = Debug|Any CPU
		{739C45D3-B170-5201-102D-4715F110B48D}.Debug|x64.Build.0 = Debug|Any CPU
		{739C45D3-B170-5201-102D-4715F110B48D}.Debug|x86.ActiveCfg = Debug|Any CPU
		{739C45D3-B170-5201-102D-4715F110B48D}.Debug|x86.Build.0 = Debug|Any CPU
		{739C45D3-B170-5201-102D-4715F110B48D}.Release|Any CPU.ActiveCfg = Release|Any CPU
		{739C45D3-B170-5201-102D-4715F110B48D}.Release|Any CPU.Build.0 = Release|Any CPU
		{739C45D3-B170-5201-102D-4715F110B48D}.Release|x64.ActiveCfg = Release|Any CPU
		{739C45D3-B170-5201-102D-4715F110B48D}.Release|x64.Build.0 = Release|Any CPU
		{739C45D3-B170-5201-102D-4715F110B48D}.Release|x86.ActiveCfg = Release|Any CPU
		{739C45D3-B170-5201-102D-4715F110B48D}.Release|x86.Build.0 = Release|Any CPU
		{9ECD72C6-CBD9-E10A-8C42-593C75A73A5D}.Debug|Any CPU.ActiveCfg = Debug|Any CPU
		{9ECD72C6-CBD9-E10A-8C42-593C75A73A5D}.Debug|Any CPU.Build.0 = Debug|Any CPU
		{9ECD72C6-CBD9-E10A-8C42-593C75A73A5D}.Debug|x64.ActiveCfg = Debug|Any CPU
		{9ECD72C6-CBD9-E10A-8C42-593C75A73A5D}.Debug|x64.Build.0 = Debug|Any CPU
		{9ECD72C6-CBD9-E10A-8C42-593C75A73A5D}.Debug|x86.ActiveCfg = Debug|Any CPU
		{9ECD72C6-CBD9-E10A-8C42-593C75A73A5D}.Debug|x86.Build.0 = Debug|Any CPU
		{9ECD72C6-CBD9-E10A-8C42-593C75A73A5D}.Release|Any CPU.ActiveCfg = Release|Any CPU
		{9ECD72C6-CBD9-E10A-8C42-593C75A73A5D}.Release|Any CPU.Build.0 = Release|Any CPU
		{9ECD72C6-CBD9-E10A-8C42-593C75A73A5D}.Release|x64.ActiveCfg = Release|Any CPU
		{9ECD72C6-CBD9-E10A-8C42-593C75A73A5D}.Release|x64.Build.0 = Release|Any CPU
		{9ECD72C6-CBD9-E10A-8C42-593C75A73A5D}.Release|x86.ActiveCfg = Release|Any CPU
		{9ECD72C6-CBD9-E10A-8C42-593C75A73A5D}.Release|x86.Build.0 = Release|Any CPU
		{AD79C72F-C443-46F3-9A9B-FD06691BC9A3}.Debug|Any CPU.ActiveCfg = Debug|Any CPU
		{AD79C72F-C443-46F3-9A9B-FD06691BC9A3}.Debug|Any CPU.Build.0 = Debug|Any CPU
		{AD79C72F-C443-46F3-9A9B-FD06691BC9A3}.Debug|x64.ActiveCfg = Debug|Any CPU
		{AD79C72F-C443-46F3-9A9B-FD06691BC9A3}.Debug|x64.Build.0 = Debug|Any CPU
		{AD79C72F-C443-46F3-9A9B-FD06691BC9A3}.Debug|x86.ActiveCfg = Debug|Any CPU
		{AD79C72F-C443-46F3-9A9B-FD06691BC9A3}.Debug|x86.Build.0 = Debug|Any CPU
		{AD79C72F-C443-46F3-9A9B-FD06691BC9A3}.Release|Any CPU.ActiveCfg = Release|Any CPU
		{AD79C72F-C443-46F3-9A9B-FD06691BC9A3}.Release|Any CPU.Build.0 = Release|Any CPU
		{AD79C72F-C443-46F3-9A9B-FD06691BC9A3}.Release|x64.ActiveCfg = Release|Any CPU
		{AD79C72F-C443-46F3-9A9B-FD06691BC9A3}.Release|x64.Build.0 = Release|Any CPU
		{AD79C72F-C443-46F3-9A9B-FD06691BC9A3}.Release|x86.ActiveCfg = Release|Any CPU
		{AD79C72F-C443-46F3-9A9B-FD06691BC9A3}.Release|x86.Build.0 = Release|Any CPU
		{91086DAF-F01C-4DB9-AFC3-97380727CF2F}.Debug|Any CPU.ActiveCfg = Debug|Any CPU
		{91086DAF-F01C-4DB9-AFC3-97380727CF2F}.Debug|Any CPU.Build.0 = Debug|Any CPU
		{91086DAF-F01C-4DB9-AFC3-97380727CF2F}.Debug|x64.ActiveCfg = Debug|Any CPU
		{91086DAF-F01C-4DB9-AFC3-97380727CF2F}.Debug|x64.Build.0 = Debug|Any CPU
		{91086DAF-F01C-4DB9-AFC3-97380727CF2F}.Debug|x86.ActiveCfg = Debug|Any CPU
		{91086DAF-F01C-4DB9-AFC3-97380727CF2F}.Debug|x86.Build.0 = Debug|Any CPU
		{91086DAF-F01C-4DB9-AFC3-97380727CF2F}.Release|Any CPU.ActiveCfg = Release|Any CPU
		{91086DAF-F01C-4DB9-AFC3-97380727CF2F}.Release|Any CPU.Build.0 = Release|Any CPU
		{91086DAF-F01C-4DB9-AFC3-97380727CF2F}.Release|x64.ActiveCfg = Release|Any CPU
		{91086DAF-F01C-4DB9-AFC3-97380727CF2F}.Release|x64.Build.0 = Release|Any CPU
		{91086DAF-F01C-4DB9-AFC3-97380727CF2F}.Release|x86.ActiveCfg = Release|Any CPU
		{91086DAF-F01C-4DB9-AFC3-97380727CF2F}.Release|x86.Build.0 = Release|Any CPU
		{91A558BB-5D8A-4752-9E6B-A734928735FA}.Debug|Any CPU.ActiveCfg = Debug|Any CPU
		{91A558BB-5D8A-4752-9E6B-A734928735FA}.Debug|Any CPU.Build.0 = Debug|Any CPU
		{91A558BB-5D8A-4752-9E6B-A734928735FA}.Debug|x64.ActiveCfg = Debug|Any CPU
		{91A558BB-5D8A-4752-9E6B-A734928735FA}.Debug|x64.Build.0 = Debug|Any CPU
		{91A558BB-5D8A-4752-9E6B-A734928735FA}.Debug|x86.ActiveCfg = Debug|Any CPU
		{91A558BB-5D8A-4752-9E6B-A734928735FA}.Debug|x86.Build.0 = Debug|Any CPU
		{91A558BB-5D8A-4752-9E6B-A734928735FA}.Release|Any CPU.ActiveCfg = Release|Any CPU
		{91A558BB-5D8A-4752-9E6B-A734928735FA}.Release|Any CPU.Build.0 = Release|Any CPU
		{91A558BB-5D8A-4752-9E6B-A734928735FA}.Release|x64.ActiveCfg = Release|Any CPU
		{91A558BB-5D8A-4752-9E6B-A734928735FA}.Release|x64.Build.0 = Release|Any CPU
		{91A558BB-5D8A-4752-9E6B-A734928735FA}.Release|x86.ActiveCfg = Release|Any CPU
		{91A558BB-5D8A-4752-9E6B-A734928735FA}.Release|x86.Build.0 = Release|Any CPU
		{4856DE46-EEA7-41B9-BFED-4A6FD3073EA1}.Debug|Any CPU.ActiveCfg = Debug|Any CPU
		{4856DE46-EEA7-41B9-BFED-4A6FD3073EA1}.Debug|Any CPU.Build.0 = Debug|Any CPU
		{4856DE46-EEA7-41B9-BFED-4A6FD3073EA1}.Debug|x64.ActiveCfg = Debug|Any CPU
		{4856DE46-EEA7-41B9-BFED-4A6FD3073EA1}.Debug|x64.Build.0 = Debug|Any CPU
		{4856DE46-EEA7-41B9-BFED-4A6FD3073EA1}.Debug|x86.ActiveCfg = Debug|Any CPU
		{4856DE46-EEA7-41B9-BFED-4A6FD3073EA1}.Debug|x86.Build.0 = Debug|Any CPU
		{4856DE46-EEA7-41B9-BFED-4A6FD3073EA1}.Release|Any CPU.ActiveCfg = Release|Any CPU
		{4856DE46-EEA7-41B9-BFED-4A6FD3073EA1}.Release|Any CPU.Build.0 = Release|Any CPU
		{4856DE46-EEA7-41B9-BFED-4A6FD3073EA1}.Release|x64.ActiveCfg = Release|Any CPU
		{4856DE46-EEA7-41B9-BFED-4A6FD3073EA1}.Release|x64.Build.0 = Release|Any CPU
		{4856DE46-EEA7-41B9-BFED-4A6FD3073EA1}.Release|x86.ActiveCfg = Release|Any CPU
		{4856DE46-EEA7-41B9-BFED-4A6FD3073EA1}.Release|x86.Build.0 = Release|Any CPU
		{8467D26B-8900-4950-BC6D-0D8AF7AAC215}.Debug|Any CPU.ActiveCfg = Debug|Any CPU
		{8467D26B-8900-4950-BC6D-0D8AF7AAC215}.Debug|Any CPU.Build.0 = Debug|Any CPU
		{8467D26B-8900-4950-BC6D-0D8AF7AAC215}.Debug|x64.ActiveCfg = Debug|Any CPU
		{8467D26B-8900-4950-BC6D-0D8AF7AAC215}.Debug|x64.Build.0 = Debug|Any CPU
		{8467D26B-8900-4950-BC6D-0D8AF7AAC215}.Debug|x86.ActiveCfg = Debug|Any CPU
		{8467D26B-8900-4950-BC6D-0D8AF7AAC215}.Debug|x86.Build.0 = Debug|Any CPU
		{8467D26B-8900-4950-BC6D-0D8AF7AAC215}.Release|Any CPU.ActiveCfg = Release|Any CPU
		{8467D26B-8900-4950-BC6D-0D8AF7AAC215}.Release|Any CPU.Build.0 = Release|Any CPU
		{8467D26B-8900-4950-BC6D-0D8AF7AAC215}.Release|x64.ActiveCfg = Release|Any CPU
		{8467D26B-8900-4950-BC6D-0D8AF7AAC215}.Release|x64.Build.0 = Release|Any CPU
		{8467D26B-8900-4950-BC6D-0D8AF7AAC215}.Release|x86.ActiveCfg = Release|Any CPU
		{8467D26B-8900-4950-BC6D-0D8AF7AAC215}.Release|x86.Build.0 = Release|Any CPU
		{569F8C8E-90F8-429C-B5A2-4C15BE830FD8}.Debug|Any CPU.ActiveCfg = Debug|Any CPU
		{569F8C8E-90F8-429C-B5A2-4C15BE830FD8}.Debug|Any CPU.Build.0 = Debug|Any CPU
		{569F8C8E-90F8-429C-B5A2-4C15BE830FD8}.Debug|x64.ActiveCfg = Debug|Any CPU
		{569F8C8E-90F8-429C-B5A2-4C15BE830FD8}.Debug|x64.Build.0 = Debug|Any CPU
		{569F8C8E-90F8-429C-B5A2-4C15BE830FD8}.Debug|x86.ActiveCfg = Debug|Any CPU
		{569F8C8E-90F8-429C-B5A2-4C15BE830FD8}.Debug|x86.Build.0 = Debug|Any CPU
		{569F8C8E-90F8-429C-B5A2-4C15BE830FD8}.Release|Any CPU.ActiveCfg = Release|Any CPU
		{569F8C8E-90F8-429C-B5A2-4C15BE830FD8}.Release|Any CPU.Build.0 = Release|Any CPU
		{569F8C8E-90F8-429C-B5A2-4C15BE830FD8}.Release|x64.ActiveCfg = Release|Any CPU
		{569F8C8E-90F8-429C-B5A2-4C15BE830FD8}.Release|x64.Build.0 = Release|Any CPU
		{569F8C8E-90F8-429C-B5A2-4C15BE830FD8}.Release|x86.ActiveCfg = Release|Any CPU
		{569F8C8E-90F8-429C-B5A2-4C15BE830FD8}.Release|x86.Build.0 = Release|Any CPU
	EndGlobalSection
	GlobalSection(SolutionProperties) = preSolution
		HideSolutionNode = FALSE
	EndGlobalSection
	GlobalSection(NestedProjects) = preSolution
		{24E2677B-E9B5-8920-F4D0-A3D46E901175} = {02EA681E-C7D8-13C7-8484-4AC65E1B71E8}
		{A2353CC7-3190-4640-AA51-A1DFF1596381} = {02EA681E-C7D8-13C7-8484-4AC65E1B71E8}
		{6CDBA98A-D09E-4CE5-B147-F1E6C89FEFFA} = {02EA681E-C7D8-13C7-8484-4AC65E1B71E8}
		{739C45D3-B170-5201-102D-4715F110B48D} = {02EA681E-C7D8-13C7-8484-4AC65E1B71E8}
		{9ECD72C6-CBD9-E10A-8C42-593C75A73A5D} = {02EA681E-C7D8-13C7-8484-4AC65E1B71E8}
		{AD79C72F-C443-46F3-9A9B-FD06691BC9A3} = {7E221CCB-4B09-4C8C-B9DC-FEE7D654B95E}
		{91086DAF-F01C-4DB9-AFC3-97380727CF2F} = {7E221CCB-4B09-4C8C-B9DC-FEE7D654B95E}
		{91A558BB-5D8A-4752-9E6B-A734928735FA} = {7E221CCB-4B09-4C8C-B9DC-FEE7D654B95E}
		{4856DE46-EEA7-41B9-BFED-4A6FD3073EA1} = {7E221CCB-4B09-4C8C-B9DC-FEE7D654B95E}
		{8467D26B-8900-4950-BC6D-0D8AF7AAC215} = {7E221CCB-4B09-4C8C-B9DC-FEE7D654B95E}
		{569F8C8E-90F8-429C-B5A2-4C15BE830FD8} = {7E221CCB-4B09-4C8C-B9DC-FEE7D654B95E}
	EndGlobalSection
	GlobalSection(ExtensibilityGlobals) = postSolution
		SolutionGuid = {40C2B9AC-7AA8-441E-85FE-0E5C3A527025}
	EndGlobalSection
EndGlobal
